{
  "nodes": {
    "crane": {
      "inputs": {
        "flake-compat": "flake-compat",
        "flake-utils": "flake-utils",
        "nixpkgs": [
          "nixpkgs"
        ],
        "rust-overlay": "rust-overlay"
      },
      "locked": {
        "lastModified": 1666567222,
        "narHash": "sha256-AVySilLW+eNM409GSIJYsF6wg5NsxK12Ht2DMSYAgO0=",
        "owner": "ipetkov",
        "repo": "crane",
        "rev": "2ce1a3313e299b0db63b11f94c863af74b0b08ad",
        "type": "github"
      },
      "original": {
        "owner": "ipetkov",
        "repo": "crane",
        "type": "github"
      }
    },
    "flake-compat": {
      "flake": false,
      "locked": {
        "lastModified": 1650374568,
        "narHash": "sha256-Z+s0J8/r907g149rllvwhb4pKi8Wam5ij0st8PwAh+E=",
        "owner": "edolstra",
        "repo": "flake-compat",
        "rev": "b4a34015c698c7793d592d66adbab377907a2be8",
        "type": "github"
      },
      "original": {
        "owner": "edolstra",
        "repo": "flake-compat",
        "type": "github"
      }
    },
    "flake-utils": {
      "locked": {
        "lastModified": 1659877975,
        "narHash": "sha256-zllb8aq3YO3h8B/U0/J1WBgAL8EX5yWf5pMj3G0NAmc=",
        "owner": "numtide",
        "repo": "flake-utils",
        "rev": "c0e246b9b83f637f4681389ecabcb2681b4f3af0",
        "type": "github"
      },
      "original": {
        "owner": "numtide",
        "repo": "flake-utils",
        "type": "github"
      }
    },
    "flake-utils_2": {
      "locked": {
        "lastModified": 1659877975,
        "narHash": "sha256-zllb8aq3YO3h8B/U0/J1WBgAL8EX5yWf5pMj3G0NAmc=",
        "owner": "numtide",
        "repo": "flake-utils",
        "rev": "c0e246b9b83f637f4681389ecabcb2681b4f3af0",
        "type": "github"
      },
      "original": {
        "owner": "numtide",
        "repo": "flake-utils",
        "type": "github"
      }
    },
    "flake-utils_3": {
      "locked": {
        "lastModified": 1634851050,
        "narHash": "sha256-N83GlSGPJJdcqhUxSCS/WwW5pksYf3VP1M13cDRTSVA=",
        "owner": "numtide",
        "repo": "flake-utils",
        "rev": "c91f3de5adaf1de973b797ef7485e441a65b8935",
        "type": "github"
      },
      "original": {
        "owner": "numtide",
        "repo": "flake-utils",
        "type": "github"
      }
    },
    "flake-utils_4": {
      "locked": {
        "lastModified": 1634851050,
        "narHash": "sha256-N83GlSGPJJdcqhUxSCS/WwW5pksYf3VP1M13cDRTSVA=",
        "owner": "numtide",
        "repo": "flake-utils",
        "rev": "c91f3de5adaf1de973b797ef7485e441a65b8935",
        "type": "github"
      },
      "original": {
        "owner": "numtide",
        "repo": "flake-utils",
        "type": "github"
      }
    },
    "flake-utils_5": {
      "locked": {
        "lastModified": 1659877975,
        "narHash": "sha256-zllb8aq3YO3h8B/U0/J1WBgAL8EX5yWf5pMj3G0NAmc=",
        "owner": "numtide",
        "repo": "flake-utils",
        "rev": "c0e246b9b83f637f4681389ecabcb2681b4f3af0",
        "type": "github"
      },
      "original": {
        "owner": "numtide",
        "repo": "flake-utils",
        "type": "github"
      }
    },
    "kind": {
      "inputs": {
        "flake-utils": "flake-utils_3",
        "nixpkgs": [
          "nixpkgs"
        ]
      },
      "locked": {
        "lastModified": 1652782047,
        "narHash": "sha256-26BcRBar1uXEUMSTQGSyALQqVYzBvIIm3m83dmXTphk=",
        "owner": "jeffa5",
        "repo": "kind",
        "rev": "0addcf9de735f10cd86e0c3b7e562ec2f1094d00",
        "type": "github"
      },
      "original": {
        "owner": "jeffa5",
        "ref": "dev",
        "repo": "kind",
        "type": "github"
      }
    },
    "nixpkgs": {
      "locked": {
        "lastModified": 1666703756,
        "narHash": "sha256-GwpMJ1hT+z1fMAUkaGtvbvofJQwdVFDEGVhfE82+AUk=",
        "owner": "nixos",
        "repo": "nixpkgs",
        "rev": "f994293d1eb8812f032e8919e10a594567cf6ef7",
        "type": "github"
      },
      "original": {
        "owner": "nixos",
        "ref": "nixos-unstable",
        "repo": "nixpkgs",
        "type": "github"
      }
    },
    "perf-tests": {
      "inputs": {
        "flake-utils": "flake-utils_4",
        "nixpkgs": [
          "nixpkgs"
        ]
      },
      "locked": {
        "lastModified": 1643213240,
        "narHash": "sha256-fdlLVVyrXkkTd/KqymI6QCZXLrf0LwuuwJexSDpY+20=",
        "owner": "jeffa5",
        "repo": "perf-tests",
        "rev": "f4fe9e6813eaf7a55e6e391f97423c2276e7eed9",
        "type": "github"
      },
      "original": {
        "owner": "jeffa5",
        "repo": "perf-tests",
        "type": "github"
      }
    },
    "root": {
      "inputs": {
        "crane": "crane",
        "flake-utils": "flake-utils_2",
        "kind": "kind",
        "nixpkgs": "nixpkgs",
        "perf-tests": "perf-tests",
        "rust-overlay": "rust-overlay_2"
      }
    },
    "rust-overlay": {
      "inputs": {
        "flake-utils": [
          "crane",
          "flake-utils"
        ],
        "nixpkgs": [
          "crane",
          "nixpkgs"
        ]
      },
      "locked": {
        "lastModified": 1666494036,
        "narHash": "sha256-4mmm+1MBPMD56LMLN9QcEwnfnu41NkA6lDeZGjSrxIw=",
        "owner": "oxalica",
        "repo": "rust-overlay",
        "rev": "af2e939ba2c7cbb188d06d6650c6353b10b3f2be",
        "type": "github"
      },
      "original": {
        "owner": "oxalica",
        "repo": "rust-overlay",
        "type": "github"
      }
    },
    "rust-overlay_2": {
      "inputs": {
        "flake-utils": "flake-utils_5",
        "nixpkgs": [
          "nixpkgs"
        ]
      },
      "locked": {
        "lastModified": 1666752703,
        "narHash": "sha256-8l/yUNj3eH89T5uPDOZKjYNeOTSmn8xJCRC0c/Jedl8=",
        "owner": "oxalica",
        "repo": "rust-overlay",
        "rev": "b20d7b01b37268f240d185f5a2902d5fecb48ad3",
        "type": "github"
      },
      "original": {
        "owner": "oxalica",
        "repo": "rust-overlay",
        "type": "github"
      }
    }
  },
  "root": "root",
  "version": 7
}
