{
  "nodes": {
    "flake-utils": {
      "locked": {
        "lastModified": 1642700792,
        "narHash": "sha256-XqHrk7hFb+zBvRg6Ghl+AZDq03ov6OshJLiSWOoX5es=",
        "owner": "numtide",
        "repo": "flake-utils",
        "rev": "846b2ae0fc4cc943637d3d1def4454213e203cba",
        "type": "github"
      },
      "original": {
        "owner": "numtide",
        "repo": "flake-utils",
        "type": "github"
      }
    },
    "flake-utils_2": {
      "locked": {
        "lastModified": 1634851050,
        "narHash": "sha256-N83GlSGPJJdcqhUxSCS/WwW5pksYf3VP1M13cDRTSVA=",
        "owner": "numtide",
        "repo": "flake-utils",
        "rev": "c91f3de5adaf1de973b797ef7485e441a65b8935",
        "type": "github"
      },
      "original": {
        "owner": "numtide",
        "repo": "flake-utils",
        "type": "github"
      }
    },
    "nixpkgs": {
      "locked": {
        "lastModified": 1643080866,
        "narHash": "sha256-iO3Z6jw0HEiie8UnXVpq1SxphprDYBXrVzubEa5D4eE=",
        "owner": "nixos",
        "repo": "nixpkgs",
        "rev": "c07b471b52be8fbc49a7dc194e9b37a6e19ee04d",
        "type": "github"
      },
      "original": {
        "owner": "nixos",
        "ref": "nixos-unstable",
        "repo": "nixpkgs",
        "type": "github"
      }
    },
    "nixpkgs_2": {
      "locked": {
        "lastModified": 1635518521,
        "narHash": "sha256-gBIdE3P3u/S9uPHdNjq/CGLxG5MBhZz+IJEhNlxFW9E=",
        "owner": "NixOS",
        "repo": "nixpkgs",
        "rev": "31b495592feadb2785279988a2d7db6e2bdd7ed2",
        "type": "github"
      },
      "original": {
        "id": "nixpkgs",
        "type": "indirect"
      }
    },
    "perf-tests": {
      "inputs": {
        "flake-utils": "flake-utils_2",
        "nixpkgs": "nixpkgs_2"
      },
      "locked": {
        "lastModified": 1643213240,
        "narHash": "sha256-fdlLVVyrXkkTd/KqymI6QCZXLrf0LwuuwJexSDpY+20=",
        "owner": "jeffa5",
        "repo": "perf-tests",
        "rev": "f4fe9e6813eaf7a55e6e391f97423c2276e7eed9",
        "type": "github"
      },
      "original": {
        "owner": "jeffa5",
        "repo": "perf-tests",
        "type": "github"
      }
    },
    "root": {
      "inputs": {
        "flake-utils": "flake-utils",
        "nixpkgs": "nixpkgs",
        "perf-tests": "perf-tests"
      }
    }
  },
  "root": "root",
  "version": 7
}
